
Microsoft Visual Studio Solution File, Format Version 11.00
# Visual Studio 2010
Project("{FAE04EC0-301F-11D3-BF4B-00C04F79EFBC}") = "WebFormRoutingApp", "WebFormRoutingApp\WebFormRoutingApp.csproj", "{2FCADF8C-B283-4A8E-9CBC-970B719D3473}"
EndProject
Global
	GlobalSection(SolutionConfigurationPlatforms) = preSolution
		Debug|Any CPU = Debug|Any CPU
		Release|Any CPU = Release|Any CPU
	EndGlobalSection
	GlobalSection(ProjectConfigurationPlatforms) = postSolution
		{2FCADF8C-B283-4A8E-9CBC-970B719D3473}.Debug|Any CPU.ActiveCfg = Debug|Any CPU
		{2FCADF8C-B283-4A8E-9CBC-970B719D3473}.Debug|Any CPU.Build.0 = Debug|Any CPU
		{2FCADF8C-B283-4A8E-9CBC-970B719D3473}.Release|Any CPU.ActiveCfg = Release|Any CPU
		{2FCADF8C-B283-4A8E-9CBC-970B719D3473}.Release|Any CPU.Build.0 = Release|Any CPU
	EndGlobalSection
	GlobalSection(SolutionProperties) = preSolution
		HideSolutionNode = FALSE
	EndGlobalSection
EndGlobal
